
Microsoft Visual Studio Solution File, Format Version 12.00
# Visual Studio 15
VisualStudioVersion = 15.0.28010.2036
MinimumVisualStudioVersion = 10.0.40219.1
Project("{FAE04EC0-301F-11D3-BF4B-00C04F79EFBC}") = "Lab1", "Lab1\Lab1.csproj", "{ACE843A7-0E60-4453-BE65-3925CE6A3CE5}"
EndProject
Project("{FAE04EC0-301F-11D3-BF4B-00C04F79EFBC}") = "Lab2", "Lab2\Lab2.csproj", "{CEB7ADAF-4070-41A9-9303-AEA17117D3C8}"
EndProject
Global
	GlobalSection(SolutionConfigurationPlatforms) = preSolution
		Debug|Any CPU = Debug|Any CPU
		Release|Any CPU = Release|Any CPU
	EndGlobalSection
	GlobalSection(ProjectConfigurationPlatforms) = postSolution
		{ACE843A7-0E60-4453-BE65-3925CE6A3CE5}.Debug|Any CPU.ActiveCfg = Debug|Any CPU
		{ACE843A7-0E60-4453-BE65-3925CE6A3CE5}.Debug|Any CPU.Build.0 = Debug|Any CPU
		{ACE843A7-0E60-4453-BE65-3925CE6A3CE5}.Release|Any CPU.ActiveCfg = Release|Any CPU
		{ACE843A7-0E60-4453-BE65-3925CE6A3CE5}.Release|Any CPU.Build.0 = Release|Any CPU
		{CEB7ADAF-4070-41A9-9303-AEA17117D3C8}.Debug|Any CPU.ActiveCfg = Debug|Any CPU
		{CEB7ADAF-4070-41A9-9303-AEA17117D3C8}.Debug|Any CPU.Build.0 = Debug|Any CPU
		{CEB7ADAF-4070-41A9-9303-AEA17117D3C8}.Release|Any CPU.ActiveCfg = Release|Any CPU
		{CEB7ADAF-4070-41A9-9303-AEA17117D3C8}.Release|Any CPU.Build.0 = Release|Any CPU
	EndGlobalSection
	GlobalSection(SolutionProperties) = preSolution
		HideSolutionNode = FALSE
	EndGlobalSection
	GlobalSection(ExtensibilityGlobals) = postSolution
		SolutionGuid = {9BA08262-42FC-4EB3-A449-1726EA1B718E}
	EndGlobalSection
EndGlobal
